
Microsoft Visual Studio Solution File, Format Version 12.00
# Visual Studio Version 17
VisualStudioVersion = 17.5.33530.505
MinimumVisualStudioVersion = 10.0.40219.1
Project("{9A19103F-16F7-4668-BE54-9A1E7A4F7556}") = "Scaffold.Maui", "Scaffold.Maui\Scaffold.Maui.csproj", "{F17B6E39-EFA5-46CE-A1E0-E4E6D9FF7552}"
EndProject
Project("{9A19103F-16F7-4668-BE54-9A1E7A4F7556}") = "Sample", "Sample\Sample.csproj", "{A800BAF0-A20B-4EED-AF44-C9A74159AF9E}"
EndProject
Project("{2150E333-8FDC-42A3-9474-1A3956D46DE8}") = "Lib", "Lib", "{5EB283C5-C79D-41E7-BA6F-FA29921B06DD}"
EndProject
Global
	GlobalSection(SolutionConfigurationPlatforms) = preSolution
		Debug|Any CPU = Debug|Any CPU
		Release|Any CPU = Release|Any CPU
	EndGlobalSection
	GlobalSection(ProjectConfigurationPlatforms) = postSolution
		{F17B6E39-EFA5-46CE-A1E0-E4E6D9FF7552}.Debug|Any CPU.ActiveCfg = Debug|Any CPU
		{F17B6E39-EFA5-46CE-A1E0-E4E6D9FF7552}.Debug|Any CPU.Build.0 = Debug|Any CPU
		{F17B6E39-EFA5-46CE-A1E0-E4E6D9FF7552}.Release|Any CPU.ActiveCfg = Release|Any CPU
		{F17B6E39-EFA5-46CE-A1E0-E4E6D9FF7552}.Release|Any CPU.Build.0 = Release|Any CPU
		{A800BAF0-A20B-4EED-AF44-C9A74159AF9E}.Debug|Any CPU.ActiveCfg = Debug|Any CPU
		{A800BAF0-A20B-4EED-AF44-C9A74159AF9E}.Debug|Any CPU.Build.0 = Debug|Any CPU
		{A800BAF0-A20B-4EED-AF44-C9A74159AF9E}.Debug|Any CPU.Deploy.0 = Debug|Any CPU
		{A800BAF0-A20B-4EED-AF44-C9A74159AF9E}.Release|Any CPU.ActiveCfg = Release|Any CPU
		{A800BAF0-A20B-4EED-AF44-C9A74159AF9E}.Release|Any CPU.Build.0 = Release|Any CPU
		{A800BAF0-A20B-4EED-AF44-C9A74159AF9E}.Release|Any CPU.Deploy.0 = Release|Any CPU
	EndGlobalSection
	GlobalSection(SolutionProperties) = preSolution
		HideSolutionNode = FALSE
	EndGlobalSection
	GlobalSection(NestedProjects) = preSolution
		{F17B6E39-EFA5-46CE-A1E0-E4E6D9FF7552} = {5EB283C5-C79D-41E7-BA6F-FA29921B06DD}
	EndGlobalSection
	GlobalSection(ExtensibilityGlobals) = postSolution
		SolutionGuid = {B715323D-3253-4BD0-8DFB-562C40727F93}
	EndGlobalSection
EndGlobal
