
Microsoft Visual Studio Solution File, Format Version 12.00
# Visual Studio Version 17
VisualStudioVersion = 17.5.33530.505
MinimumVisualStudioVersion = 10.0.40219.1
Project("{9A19103F-16F7-4668-BE54-9A1E7A4F7556}") = "Scaffold.Maui", "Scaffold.Maui\Scaffold.Maui.csproj", "{F17B6E39-EFA5-46CE-A1E0-E4E6D9FF7552}"
EndProject
Project("{2150E333-8FDC-42A3-9474-1A3956D46DE8}") = "Lib", "Lib", "{5EB283C5-C79D-41E7-BA6F-FA29921B06DD}"
EndProject
Project("{2150E333-8FDC-42A3-9474-1A3956D46DE8}") = "Sample", "Sample", "{77A0380E-817D-4831-80E0-7699207485C8}"
EndProject
Project("{9A19103F-16F7-4668-BE54-9A1E7A4F7556}") = "SampleDll", "SampleDll\SampleDll.csproj", "{39E2B0D3-B29B-431A-A32B-CB0900035320}"
EndProject
Project("{9A19103F-16F7-4668-BE54-9A1E7A4F7556}") = "SampleNet7", "SampleNet7\SampleNet7.csproj", "{370EF448-1F04-4A51-94D7-40447023D3EF}"
EndProject
Project("{FAE04EC0-301F-11D3-BF4B-00C04F79EFBC}") = "SampleNet8", "SampleNet8\SampleNet8.csproj", "{8AFAE0A2-629A-4EC1-9ED6-0AD95E86410C}"
EndProject
Global
	GlobalSection(SolutionConfigurationPlatforms) = preSolution
		Debug|Any CPU = Debug|Any CPU
		Release|Any CPU = Release|Any CPU
	EndGlobalSection
	GlobalSection(ProjectConfigurationPlatforms) = postSolution
		{F17B6E39-EFA5-46CE-A1E0-E4E6D9FF7552}.Debug|Any CPU.ActiveCfg = Debug|Any CPU
		{F17B6E39-EFA5-46CE-A1E0-E4E6D9FF7552}.Debug|Any CPU.Build.0 = Debug|Any CPU
		{F17B6E39-EFA5-46CE-A1E0-E4E6D9FF7552}.Release|Any CPU.ActiveCfg = Release|Any CPU
		{F17B6E39-EFA5-46CE-A1E0-E4E6D9FF7552}.Release|Any CPU.Build.0 = Release|Any CPU
		{39E2B0D3-B29B-431A-A32B-CB0900035320}.Debug|Any CPU.ActiveCfg = Debug|Any CPU
		{39E2B0D3-B29B-431A-A32B-CB0900035320}.Debug|Any CPU.Build.0 = Debug|Any CPU
		{39E2B0D3-B29B-431A-A32B-CB0900035320}.Release|Any CPU.ActiveCfg = Release|Any CPU
		{39E2B0D3-B29B-431A-A32B-CB0900035320}.Release|Any CPU.Build.0 = Release|Any CPU
		{370EF448-1F04-4A51-94D7-40447023D3EF}.Debug|Any CPU.ActiveCfg = Debug|Any CPU
		{370EF448-1F04-4A51-94D7-40447023D3EF}.Debug|Any CPU.Build.0 = Debug|Any CPU
		{370EF448-1F04-4A51-94D7-40447023D3EF}.Debug|Any CPU.Deploy.0 = Debug|Any CPU
		{370EF448-1F04-4A51-94D7-40447023D3EF}.Release|Any CPU.ActiveCfg = Release|Any CPU
		{370EF448-1F04-4A51-94D7-40447023D3EF}.Release|Any CPU.Build.0 = Release|Any CPU
		{370EF448-1F04-4A51-94D7-40447023D3EF}.Release|Any CPU.Deploy.0 = Release|Any CPU
		{8AFAE0A2-629A-4EC1-9ED6-0AD95E86410C}.Debug|Any CPU.ActiveCfg = Debug|Any CPU
		{8AFAE0A2-629A-4EC1-9ED6-0AD95E86410C}.Debug|Any CPU.Build.0 = Debug|Any CPU
		{8AFAE0A2-629A-4EC1-9ED6-0AD95E86410C}.Debug|Any CPU.Deploy.0 = Debug|Any CPU
		{8AFAE0A2-629A-4EC1-9ED6-0AD95E86410C}.Release|Any CPU.ActiveCfg = Release|Any CPU
		{8AFAE0A2-629A-4EC1-9ED6-0AD95E86410C}.Release|Any CPU.Build.0 = Release|Any CPU
		{8AFAE0A2-629A-4EC1-9ED6-0AD95E86410C}.Release|Any CPU.Deploy.0 = Release|Any CPU
	EndGlobalSection
	GlobalSection(SolutionProperties) = preSolution
		HideSolutionNode = FALSE
	EndGlobalSection
	GlobalSection(NestedProjects) = preSolution
		{F17B6E39-EFA5-46CE-A1E0-E4E6D9FF7552} = {5EB283C5-C79D-41E7-BA6F-FA29921B06DD}
		{39E2B0D3-B29B-431A-A32B-CB0900035320} = {77A0380E-817D-4831-80E0-7699207485C8}
		{370EF448-1F04-4A51-94D7-40447023D3EF} = {77A0380E-817D-4831-80E0-7699207485C8}
		{8AFAE0A2-629A-4EC1-9ED6-0AD95E86410C} = {77A0380E-817D-4831-80E0-7699207485C8}
	EndGlobalSection
	GlobalSection(ExtensibilityGlobals) = postSolution
		SolutionGuid = {B715323D-3253-4BD0-8DFB-562C40727F93}
	EndGlobalSection
EndGlobal
